{
  "name": "cwsn",
  "version": "1.0.0",
  "lockfileVersion": 3,
  "requires": true,
  "packages": {
    "": {
      "name": "cwsn",
      "version": "1.0.0",
      "license": "ISC",
      "bin": {
        "cwsn": "index.js"
      }
    },
    "../../.nvm/versions/node/v16.13.2/lib/node_modules/cws": {
      "version": "2.0.0",
      "extraneous": true,
      "license": "MIT",
      "dependencies": {
        "ws": "^8.2.2"
      },
      "devDependencies": {
        "eslint": "^7.27.0",
        "tape": "^5.0.1"
      },
      "funding": {
        "url": "https://github.com/sponsors/finwo"
      }
    }
  }
}
